
Microsoft Visual Studio Solution File, Format Version 12.00
# Visual Studio Version 17
VisualStudioVersion = 17.7.34003.232
MinimumVisualStudioVersion = 10.0.40219.1
Project("{FAE04EC0-301F-11D3-BF4B-00C04F79EFBC}") = "BiblePlan", "BiblePlan\BiblePlan.csproj", "{C9AF4BE9-533B-480B-9A4C-619EF7A4AE87}"
EndProject
Global
	GlobalSection(SolutionConfigurationPlatforms) = preSolution
		Debug|Any CPU = Debug|Any CPU
		Release|Any CPU = Release|Any CPU
	EndGlobalSection
	GlobalSection(ProjectConfigurationPlatforms) = postSolution
		{C9AF4BE9-533B-480B-9A4C-619EF7A4AE87}.Debug|Any CPU.ActiveCfg = Debug|Any CPU
		{C9AF4BE9-533B-480B-9A4C-619EF7A4AE87}.Debug|Any CPU.Build.0 = Debug|Any CPU
		{C9AF4BE9-533B-480B-9A4C-619EF7A4AE87}.Release|Any CPU.ActiveCfg = Release|Any CPU
		{C9AF4BE9-533B-480B-9A4C-619EF7A4AE87}.Release|Any CPU.Build.0 = Release|Any CPU
	EndGlobalSection
	GlobalSection(SolutionProperties) = preSolution
		HideSolutionNode = FALSE
	EndGlobalSection
	GlobalSection(ExtensibilityGlobals) = postSolution
		SolutionGuid = {F333728C-0295-46D7-9B82-4CD1769DBEE8}
	EndGlobalSection
EndGlobal
